<?xml version="1.0" encoding="UTF-8"?>
<Project ToolsVersion="14.0" xmlns="http://schemas.microsoft.com/developer/msbuild/2003">
  <ItemGroup>
    <ClCompile Include="C:\Users\He Yang\Desktop\04_Texture_Mapping\hw4_main.cpp">
      <Filter>Source Files</Filter>
    </ClCompile>
    <ClCompile Include="C:\Users\He Yang\Desktop\04_Texture_Mapping\controls.cpp">
      <Filter>Source Files</Filter>
    </ClCompile>
    <ClCompile Include="C:\Users\He Yang\Desktop\04_Texture_Mapping\HCI557Common.cpp">
      <Filter>Source Files</Filter>
    </ClCompile>
    <ClCompile Include="C:\Users\He Yang\Desktop\04_Texture_Mapping\CoordSystem.cpp">
      <Filter>Source Files</Filter>
    </ClCompile>
    <ClCompile Include="C:\Users\He Yang\Desktop\04_Texture_Mapping\ImgLoader.cpp">
      <Filter>Source Files</Filter>
    </ClCompile>
    <ClCompile Include="C:\Users\He Yang\Desktop\04_Texture_Mapping\ShaderFileUtils.cpp">
      <Filter>Source Files</Filter>
    </ClCompile>
  </ItemGroup>
  <ItemGroup>
    <ClInclude Include="C:\Users\He Yang\Desktop\04_Texture_Mapping\controls.h">
      <Filter>Header Files</Filter>
    </ClInclude>
    <ClInclude Include="C:\Users\He Yang\Desktop\04_Texture_Mapping\HCI557Common.h">
      <Filter>Header Files</Filter>
    </ClInclude>
    <ClInclude Include="C:\Users\He Yang\Desktop\04_Texture_Mapping\CoordSystem.h">
      <Filter>Header Files</Filter>
    </ClInclude>
    <ClInclude Include="C:\Users\He Yang\Desktop\04_Texture_Mapping\ImgLoader.h">
      <Filter>Header Files</Filter>
    </ClInclude>
    <ClInclude Include="C:\Users\He Yang\Desktop\04_Texture_Mapping\ShaderFileUtils.h">
      <Filter>Header Files</Filter>
    </ClInclude>
  </ItemGroup>
  <ItemGroup>
    <CustomBuild Include="C:\Users\He Yang\Desktop\04_Texture_Mapping\CMakeLists.txt" />
  </ItemGroup>
  <ItemGroup>
    <Filter Include="Source Files">
      <UniqueIdentifier>{CB139E8B-A955-327C-841B-9A1E5119D954}</UniqueIdentifier>
    </Filter>
    <Filter Include="Header Files">
      <UniqueIdentifier>{E8FE0FF1-F008-35F6-B61B-DD6473A60C6B}</UniqueIdentifier>
    </Filter>
  </ItemGroup>
</Project>
